
Microsoft Visual Studio Solution File, Format Version 12.00
# Visual Studio Version 17
Project("{2150E333-8FDC-42A3-9474-1A3956D46DE8}") = "CMakePredefinedTargets", "CMakePredefinedTargets", "{CB97CEA2-B746-3D69-885E-CBFCEA4A92EE}"
EndProject
Project("{8BC9CEB8-8B4A-11D0-8D11-00A0C91BC942}") = "CSC8503", "CSC8503\CSC8503.vcxproj", "{B36602E3-C347-3334-AB26-641BBCE6891E}"
	ProjectSection(ProjectDependencies) = postProject
		{53C61B60-DD85-3A37-8D40-2FC34B5D5417} = {53C61B60-DD85-3A37-8D40-2FC34B5D5417}
		{A548A81D-6216-35D6-AE73-F45BDBC4427F} = {A548A81D-6216-35D6-AE73-F45BDBC4427F}
		{D179AB34-9CB5-3D74-BB7D-596DA4C89AA4} = {D179AB34-9CB5-3D74-BB7D-596DA4C89AA4}
		{9D82D6E1-0D3C-3146-BF2A-CA2C6311C332} = {9D82D6E1-0D3C-3146-BF2A-CA2C6311C332}
	EndProjectSection
EndProject
Project("{8BC9CEB8-8B4A-11D0-8D11-00A0C91BC942}") = "ALL_BUILD", "ALL_BUILD.vcxproj", "{FDB37DF6-1AEF-303E-8DED-C73754F4745D}"
	ProjectSection(ProjectDependencies) = postProject
		{B36602E3-C347-3334-AB26-641BBCE6891E} = {B36602E3-C347-3334-AB26-641BBCE6891E}
		{53C61B60-DD85-3A37-8D40-2FC34B5D5417} = {53C61B60-DD85-3A37-8D40-2FC34B5D5417}
		{A548A81D-6216-35D6-AE73-F45BDBC4427F} = {A548A81D-6216-35D6-AE73-F45BDBC4427F}
		{D179AB34-9CB5-3D74-BB7D-596DA4C89AA4} = {D179AB34-9CB5-3D74-BB7D-596DA4C89AA4}
		{9D82D6E1-0D3C-3146-BF2A-CA2C6311C332} = {9D82D6E1-0D3C-3146-BF2A-CA2C6311C332}
	EndProjectSection
EndProject
Project("{8BC9CEB8-8B4A-11D0-8D11-00A0C91BC942}") = "CSC8503CoreClasses", "CSC8503CoreClasses\CSC8503CoreClasses.vcxproj", "{53C61B60-DD85-3A37-8D40-2FC34B5D5417}"
	ProjectSection(ProjectDependencies) = postProject
		{9D82D6E1-0D3C-3146-BF2A-CA2C6311C332} = {9D82D6E1-0D3C-3146-BF2A-CA2C6311C332}
	EndProjectSection
EndProject
Project("{8BC9CEB8-8B4A-11D0-8D11-00A0C91BC942}") = "NCLCoreClasses", "NCLCoreClasses\NCLCoreClasses.vcxproj", "{A548A81D-6216-35D6-AE73-F45BDBC4427F}"
	ProjectSection(ProjectDependencies) = postProject
		{9D82D6E1-0D3C-3146-BF2A-CA2C6311C332} = {9D82D6E1-0D3C-3146-BF2A-CA2C6311C332}
	EndProjectSection
EndProject
Project("{8BC9CEB8-8B4A-11D0-8D11-00A0C91BC942}") = "OpenGLRendering", "OpenGLRendering\OpenGLRendering.vcxproj", "{D179AB34-9CB5-3D74-BB7D-596DA4C89AA4}"
	ProjectSection(ProjectDependencies) = postProject
		{A548A81D-6216-35D6-AE73-F45BDBC4427F} = {A548A81D-6216-35D6-AE73-F45BDBC4427F}
		{9D82D6E1-0D3C-3146-BF2A-CA2C6311C332} = {9D82D6E1-0D3C-3146-BF2A-CA2C6311C332}
	EndProjectSection
EndProject
Project("{8BC9CEB8-8B4A-11D0-8D11-00A0C91BC942}") = "ZERO_CHECK", "ZERO_CHECK.vcxproj", "{9D82D6E1-0D3C-3146-BF2A-CA2C6311C332}"
	ProjectSection(ProjectDependencies) = postProject
	EndProjectSection
EndProject
Global
	GlobalSection(SolutionConfigurationPlatforms) = preSolution
		Debug|x64 = Debug|x64
		Release|x64 = Release|x64
	EndGlobalSection
	GlobalSection(ProjectConfigurationPlatforms) = postSolution
		{B36602E3-C347-3334-AB26-641BBCE6891E}.Debug|x64.ActiveCfg = Debug|x64
		{B36602E3-C347-3334-AB26-641BBCE6891E}.Debug|x64.Build.0 = Debug|x64
		{B36602E3-C347-3334-AB26-641BBCE6891E}.Release|x64.ActiveCfg = Release|x64
		{B36602E3-C347-3334-AB26-641BBCE6891E}.Release|x64.Build.0 = Release|x64
		{FDB37DF6-1AEF-303E-8DED-C73754F4745D}.Debug|x64.ActiveCfg = Debug|x64
		{FDB37DF6-1AEF-303E-8DED-C73754F4745D}.Release|x64.ActiveCfg = Release|x64
		{53C61B60-DD85-3A37-8D40-2FC34B5D5417}.Debug|x64.ActiveCfg = Debug|x64
		{53C61B60-DD85-3A37-8D40-2FC34B5D5417}.Debug|x64.Build.0 = Debug|x64
		{53C61B60-DD85-3A37-8D40-2FC34B5D5417}.Release|x64.ActiveCfg = Release|x64
		{53C61B60-DD85-3A37-8D40-2FC34B5D5417}.Release|x64.Build.0 = Release|x64
		{A548A81D-6216-35D6-AE73-F45BDBC4427F}.Debug|x64.ActiveCfg = Debug|x64
		{A548A81D-6216-35D6-AE73-F45BDBC4427F}.Debug|x64.Build.0 = Debug|x64
		{A548A81D-6216-35D6-AE73-F45BDBC4427F}.Release|x64.ActiveCfg = Release|x64
		{A548A81D-6216-35D6-AE73-F45BDBC4427F}.Release|x64.Build.0 = Release|x64
		{D179AB34-9CB5-3D74-BB7D-596DA4C89AA4}.Debug|x64.ActiveCfg = Debug|x64
		{D179AB34-9CB5-3D74-BB7D-596DA4C89AA4}.Debug|x64.Build.0 = Debug|x64
		{D179AB34-9CB5-3D74-BB7D-596DA4C89AA4}.Release|x64.ActiveCfg = Release|x64
		{D179AB34-9CB5-3D74-BB7D-596DA4C89AA4}.Release|x64.Build.0 = Release|x64
		{9D82D6E1-0D3C-3146-BF2A-CA2C6311C332}.Debug|x64.ActiveCfg = Debug|x64
		{9D82D6E1-0D3C-3146-BF2A-CA2C6311C332}.Debug|x64.Build.0 = Debug|x64
		{9D82D6E1-0D3C-3146-BF2A-CA2C6311C332}.Release|x64.ActiveCfg = Release|x64
		{9D82D6E1-0D3C-3146-BF2A-CA2C6311C332}.Release|x64.Build.0 = Release|x64
	EndGlobalSection
	GlobalSection(NestedProjects) = preSolution
		{FDB37DF6-1AEF-303E-8DED-C73754F4745D} = {CB97CEA2-B746-3D69-885E-CBFCEA4A92EE}
		{9D82D6E1-0D3C-3146-BF2A-CA2C6311C332} = {CB97CEA2-B746-3D69-885E-CBFCEA4A92EE}
	EndGlobalSection
	GlobalSection(ExtensibilityGlobals) = postSolution
		SolutionGuid = {CD29E2CC-0D22-3A46-929D-86FAA9343B48}
	EndGlobalSection
	GlobalSection(ExtensibilityAddIns) = postSolution
	EndGlobalSection
EndGlobal
